
Microsoft Visual Studio Solution File, Format Version 12.00
# Visual Studio Version 17
VisualStudioVersion = 17.3.32929.385
MinimumVisualStudioVersion = 10.0.40219.1
Project("{FAE04EC0-301F-11D3-BF4B-00C04F79EFBC}") = "Elsevier_CodeChallenge", "Elsevier_CodeChallenge\Elsevier_CodeChallenge.csproj", "{390087DC-0572-4A5F-A013-5E3BABFD9F00}"
EndProject
Global
	GlobalSection(SolutionConfigurationPlatforms) = preSolution
		Debug|Any CPU = Debug|Any CPU
		Release|Any CPU = Release|Any CPU
	EndGlobalSection
	GlobalSection(ProjectConfigurationPlatforms) = postSolution
		{390087DC-0572-4A5F-A013-5E3BABFD9F00}.Debug|Any CPU.ActiveCfg = Debug|Any CPU
		{390087DC-0572-4A5F-A013-5E3BABFD9F00}.Debug|Any CPU.Build.0 = Debug|Any CPU
		{390087DC-0572-4A5F-A013-5E3BABFD9F00}.Release|Any CPU.ActiveCfg = Release|Any CPU
		{390087DC-0572-4A5F-A013-5E3BABFD9F00}.Release|Any CPU.Build.0 = Release|Any CPU
	EndGlobalSection
	GlobalSection(SolutionProperties) = preSolution
		HideSolutionNode = FALSE
	EndGlobalSection
	GlobalSection(ExtensibilityGlobals) = postSolution
		SolutionGuid = {3FFDF53A-84A6-49A5-9AA6-7539AF571C0C}
	EndGlobalSection
EndGlobal
